
Microsoft Visual Studio Solution File, Format Version 12.00
# Visual Studio 15
VisualStudioVersion = 15.0.28307.168
MinimumVisualStudioVersion = 10.0.40219.1
Project("{FAE04EC0-301F-11D3-BF4B-00C04F79EFBC}") = "ASD.UIP.HW1.VariablesTypesTask1", "ASD.UIP.HW1.VariablesTypesTask1\ASD.UIP.HW1.VariablesTypesTask1.csproj", "{5F847CB7-EEFD-497C-BDE9-A3EA7874DFED}"
EndProject
Global
	GlobalSection(SolutionConfigurationPlatforms) = preSolution
		Debug|Any CPU = Debug|Any CPU
		Release|Any CPU = Release|Any CPU
	EndGlobalSection
	GlobalSection(ProjectConfigurationPlatforms) = postSolution
		{5F847CB7-EEFD-497C-BDE9-A3EA7874DFED}.Debug|Any CPU.ActiveCfg = Debug|Any CPU
		{5F847CB7-EEFD-497C-BDE9-A3EA7874DFED}.Debug|Any CPU.Build.0 = Debug|Any CPU
		{5F847CB7-EEFD-497C-BDE9-A3EA7874DFED}.Release|Any CPU.ActiveCfg = Release|Any CPU
		{5F847CB7-EEFD-497C-BDE9-A3EA7874DFED}.Release|Any CPU.Build.0 = Release|Any CPU
	EndGlobalSection
	GlobalSection(SolutionProperties) = preSolution
		HideSolutionNode = FALSE
	EndGlobalSection
	GlobalSection(ExtensibilityGlobals) = postSolution
		SolutionGuid = {7FBB7750-4DD8-4818-856A-1540B03F27CA}
	EndGlobalSection
EndGlobal
