
Microsoft Visual Studio Solution File, Format Version 12.00
# Visual Studio 15
VisualStudioVersion = 15.0.28307.168
MinimumVisualStudioVersion = 10.0.40219.1
Project("{FAE04EC0-301F-11D3-BF4B-00C04F79EFBC}") = "ASD.HW3.ArraysLoopsConditionalsMethods", "ASD.HW3.ArraysLoopsConditionalsMethods\ASD.HW3.ArraysLoopsConditionalsMethods.csproj", "{1B527357-6A11-4F95-9580-4978B24CC1A9}"
EndProject
Global
	GlobalSection(SolutionConfigurationPlatforms) = preSolution
		Debug|Any CPU = Debug|Any CPU
		Release|Any CPU = Release|Any CPU
	EndGlobalSection
	GlobalSection(ProjectConfigurationPlatforms) = postSolution
		{1B527357-6A11-4F95-9580-4978B24CC1A9}.Debug|Any CPU.ActiveCfg = Debug|Any CPU
		{1B527357-6A11-4F95-9580-4978B24CC1A9}.Debug|Any CPU.Build.0 = Debug|Any CPU
		{1B527357-6A11-4F95-9580-4978B24CC1A9}.Release|Any CPU.ActiveCfg = Release|Any CPU
		{1B527357-6A11-4F95-9580-4978B24CC1A9}.Release|Any CPU.Build.0 = Release|Any CPU
	EndGlobalSection
	GlobalSection(SolutionProperties) = preSolution
		HideSolutionNode = FALSE
	EndGlobalSection
	GlobalSection(ExtensibilityGlobals) = postSolution
		SolutionGuid = {6687116F-C4A3-403F-94C4-0F7D92BC14FF}
	EndGlobalSection
EndGlobal
